
Microsoft Visual Studio Solution File, Format Version 12.00
# Visual Studio Version 16
VisualStudioVersion = 16.0.29613.14
MinimumVisualStudioVersion = 10.0.40219.1
Project("{FAE04EC0-301F-11D3-BF4B-00C04F79EFBC}") = "Vidly", "Vidly\Vidly.csproj", "{FB851A3E-FF3A-4775-BD65-4640D3529312}"
EndProject
Global
	GlobalSection(SolutionConfigurationPlatforms) = preSolution
		Debug|Any CPU = Debug|Any CPU
		Release|Any CPU = Release|Any CPU
	EndGlobalSection
	GlobalSection(ProjectConfigurationPlatforms) = postSolution
		{FB851A3E-FF3A-4775-BD65-4640D3529312}.Debug|Any CPU.ActiveCfg = Debug|Any CPU
		{FB851A3E-FF3A-4775-BD65-4640D3529312}.Debug|Any CPU.Build.0 = Debug|Any CPU
		{FB851A3E-FF3A-4775-BD65-4640D3529312}.Release|Any CPU.ActiveCfg = Release|Any CPU
		{FB851A3E-FF3A-4775-BD65-4640D3529312}.Release|Any CPU.Build.0 = Release|Any CPU
	EndGlobalSection
	GlobalSection(SolutionProperties) = preSolution
		HideSolutionNode = FALSE
	EndGlobalSection
	GlobalSection(ExtensibilityGlobals) = postSolution
		SolutionGuid = {8208B2DB-E3CB-49A6-A032-31C2723A1724}
	EndGlobalSection
EndGlobal
